<?xml version="1.0" encoding="utf-8"?>
<Project ToolsVersion="4.0" xmlns="http://schemas.microsoft.com/developer/msbuild/2003">
  <ItemGroup>
    <Filter Include="難しそうなことが書かれてる奴">
      <UniqueIdentifier>{17fad6ae-4fc3-4e37-8cbd-993e7b5fe806}</UniqueIdentifier>
    </Filter>
    <Filter Include="プレイヤー">
      <UniqueIdentifier>{6e86c255-de98-44fa-baef-9de1b47874f1}</UniqueIdentifier>
    </Filter>
    <Filter Include="UI、背景等">
      <UniqueIdentifier>{6fbed787-178b-4371-8721-afd0f9b54ea4}</UniqueIdentifier>
    </Filter>
    <Filter Include="よく書くやつ">
      <UniqueIdentifier>{1eb2dd1c-a570-4c21-8ccd-49966617e035}</UniqueIdentifier>
    </Filter>
    <Filter Include="ギミック">
      <UniqueIdentifier>{e0fc28ec-0996-4abb-914d-40602a572de8}</UniqueIdentifier>
    </Filter>
  </ItemGroup>
  <ItemGroup>
    <ClCompile Include="input.cpp">
      <Filter>難しそうなことが書かれてる奴</Filter>
    </ClCompile>
    <ClCompile Include="sound.cpp">
      <Filter>難しそうなことが書かれてる奴</Filter>
    </ClCompile>
    <ClCompile Include="sprite.cpp">
      <Filter>難しそうなことが書かれてる奴</Filter>
    </ClCompile>
    <ClCompile Include="main.cpp">
      <Filter>難しそうなことが書かれてる奴</Filter>
    </ClCompile>
    <ClCompile Include="scene.cpp">
      <Filter>難しそうなことが書かれてる奴</Filter>
    </ClCompile>
    <ClCompile Include="ball.cpp">
      <Filter>プレイヤー</Filter>
    </ClCompile>
    <ClCompile Include="player.cpp">
      <Filter>プレイヤー</Filter>
    </ClCompile>
    <ClCompile Include="result.cpp">
      <Filter>UI、背景等</Filter>
    </ClCompile>
    <ClCompile Include="title.cpp">
      <Filter>UI、背景等</Filter>
    </ClCompile>
    <ClCompile Include="Texture.cpp">
      <Filter>難しそうなことが書かれてる奴</Filter>
    </ClCompile>
    <ClCompile Include="backGround.cpp">
      <Filter>UI、背景等</Filter>
    </ClCompile>
    <ClCompile Include="renderer.cpp">
      <Filter>難しそうなことが書かれてる奴</Filter>
    </ClCompile>
    <ClCompile Include="score.cpp">
      <Filter>UI、背景等</Filter>
    </ClCompile>
    <ClCompile Include="fade.cpp">
      <Filter>UI、背景等</Filter>
    </ClCompile>
    <ClCompile Include="map.cpp">
      <Filter>よく書くやつ</Filter>
    </ClCompile>
    <ClCompile Include="collision.cpp">
      <Filter>よく書くやつ</Filter>
    </ClCompile>
    <ClCompile Include="game.cpp">
      <Filter>よく書くやつ</Filter>
    </ClCompile>
    <ClCompile Include="accele_block.cpp">
      <Filter>ギミック</Filter>
    </ClCompile>
    <ClCompile Include="coin.cpp">
      <Filter>ギミック</Filter>
    </ClCompile>
    <ClCompile Include="count_block.cpp">
      <Filter>ギミック</Filter>
    </ClCompile>
    <ClCompile Include="ground.cpp">
      <Filter>ギミック</Filter>
    </ClCompile>
    <ClCompile Include="move_block.cpp">
      <Filter>ギミック</Filter>
    </ClCompile>
    <ClCompile Include="Target_Count.cpp">
      <Filter>ギミック</Filter>
    </ClCompile>
    <ClCompile Include="Target_Normal.cpp">
      <Filter>ギミック</Filter>
    </ClCompile>
    <ClCompile Include="SpeedPanel.cpp">
      <Filter>ギミック</Filter>
    </ClCompile>
    <ClCompile Include="ramdom_shot_block.cpp">
      <Filter>ギミック</Filter>
    </ClCompile>
    <ClCompile Include="warp.cpp">
      <Filter>ギミック</Filter>
    </ClCompile>
    <ClCompile Include="block.cpp">
      <Filter>ギミック</Filter>
    </ClCompile>
  </ItemGroup>
  <ItemGroup>
    <ClInclude Include="sound.h">
      <Filter>難しそうなことが書かれてる奴</Filter>
    </ClInclude>
    <ClInclude Include="input.h">
      <Filter>難しそうなことが書かれてる奴</Filter>
    </ClInclude>
    <ClInclude Include="scene.h">
      <Filter>難しそうなことが書かれてる奴</Filter>
    </ClInclude>
    <ClInclude Include="sprite.h">
      <Filter>難しそうなことが書かれてる奴</Filter>
    </ClInclude>
    <ClInclude Include="main.h">
      <Filter>難しそうなことが書かれてる奴</Filter>
    </ClInclude>
    <ClInclude Include="player.h">
      <Filter>プレイヤー</Filter>
    </ClInclude>
    <ClInclude Include="ball.h">
      <Filter>プレイヤー</Filter>
    </ClInclude>
    <ClInclude Include="Texture.h">
      <Filter>難しそうなことが書かれてる奴</Filter>
    </ClInclude>
    <ClInclude Include="background.h">
      <Filter>UI、背景等</Filter>
    </ClInclude>
    <ClInclude Include="result.h">
      <Filter>UI、背景等</Filter>
    </ClInclude>
    <ClInclude Include="title.h">
      <Filter>UI、背景等</Filter>
    </ClInclude>
    <ClInclude Include="renderer.h">
      <Filter>難しそうなことが書かれてる奴</Filter>
    </ClInclude>
    <ClInclude Include="score.h">
      <Filter>UI、背景等</Filter>
    </ClInclude>
    <ClInclude Include="fade.h">
      <Filter>UI、背景等</Filter>
    </ClInclude>
    <ClInclude Include="collision.h">
      <Filter>よく書くやつ</Filter>
    </ClInclude>
    <ClInclude Include="map.h">
      <Filter>よく書くやつ</Filter>
    </ClInclude>
    <ClInclude Include="game.h">
      <Filter>よく書くやつ</Filter>
    </ClInclude>
    <ClInclude Include="accele_block.h">
      <Filter>ギミック</Filter>
    </ClInclude>
    <ClInclude Include="coin.h">
      <Filter>ギミック</Filter>
    </ClInclude>
    <ClInclude Include="Target_Normal.h">
      <Filter>ギミック</Filter>
    </ClInclude>
    <ClInclude Include="move_block.h">
      <Filter>ギミック</Filter>
    </ClInclude>
    <ClInclude Include="ground.h">
      <Filter>ギミック</Filter>
    </ClInclude>
    <ClInclude Include="count_block.h">
      <Filter>ギミック</Filter>
    </ClInclude>
    <ClInclude Include="Target_Count.h">
      <Filter>ギミック</Filter>
    </ClInclude>
    <ClInclude Include="SpeedPanel.h">
      <Filter>ギミック</Filter>
    </ClInclude>
    <ClInclude Include="ramdom_shot_block.h">
      <Filter>ギミック</Filter>
    </ClInclude>
    <ClInclude Include="warp.h">
      <Filter>ギミック</Filter>
    </ClInclude>
    <ClInclude Include="block.h">
      <Filter>ギミック</Filter>
    </ClInclude>
  </ItemGroup>
</Project>